
Microsoft Visual Studio Solution File, Format Version 12.00
# Visual Studio Version 16
VisualStudioVersion = 16.0.30717.126
MinimumVisualStudioVersion = 10.0.40219.1
Project("{FAE04EC0-301F-11D3-BF4B-00C04F79EFBC}") = "PizzaShop", "PizzaShop\PizzaShop.csproj", "{C10A5BC2-3FDE-45B3-969A-797CCCB643E0}"
EndProject
Global
	GlobalSection(SolutionConfigurationPlatforms) = preSolution
		Debug|Any CPU = Debug|Any CPU
		Release|Any CPU = Release|Any CPU
	EndGlobalSection
	GlobalSection(ProjectConfigurationPlatforms) = postSolution
		{C10A5BC2-3FDE-45B3-969A-797CCCB643E0}.Debug|Any CPU.ActiveCfg = Debug|Any CPU
		{C10A5BC2-3FDE-45B3-969A-797CCCB643E0}.Debug|Any CPU.Build.0 = Debug|Any CPU
		{C10A5BC2-3FDE-45B3-969A-797CCCB643E0}.Release|Any CPU.ActiveCfg = Release|Any CPU
		{C10A5BC2-3FDE-45B3-969A-797CCCB643E0}.Release|Any CPU.Build.0 = Release|Any CPU
	EndGlobalSection
	GlobalSection(SolutionProperties) = preSolution
		HideSolutionNode = FALSE
	EndGlobalSection
	GlobalSection(ExtensibilityGlobals) = postSolution
		SolutionGuid = {7CE7B0D8-BD53-4705-9447-3BB058DC2C4B}
	EndGlobalSection
EndGlobal
